{
  "nodes": {
    "NixVirt": {
      "inputs": {
        "nixpkgs": [
          "nixpkgs"
        ]
      },
      "locked": {
        "lastModified": 1748140003,
        "narHash": "sha256-DNBZmuk1YRM2PmwbHzVdXumRjCUzQkMarg4iI/37rOQ=",
        "rev": "5dfe108fd859b122f9a96981cb6bc12297653d6c",
        "revCount": 407,
        "type": "tarball",
        "url": "https://api.flakehub.com/f/pinned/AshleyYakeley/NixVirt/0.6.0/0197059a-e45f-7446-86b5-411ccc894ab0/source.tar.gz"
      },
      "original": {
        "type": "tarball",
        "url": "https://flakehub.com/f/AshleyYakeley/NixVirt/v0.6.0.tar.gz"
      }
    },
    "brew-api": {
      "flake": false,
      "locked": {
        "lastModified": 1765984711,
        "narHash": "sha256-SnWRBcZnTjcJh4kcB64K0+iV3xCCwmu3KU7zcr3B1XE=",
        "owner": "BatteredBunny",
        "repo": "brew-api",
        "rev": "44e077ca37a39feb0f84e9c04e7ef9250ee1f6da",
        "type": "github"
      },
      "original": {
        "owner": "BatteredBunny",
        "repo": "brew-api",
        "type": "github"
      }
    },
    "brew-nix": {
      "inputs": {
        "brew-api": [
          "brew-api"
        ],
        "nix-darwin": [
          "nix-darwin"
        ],
        "nixpkgs": [
          "nixpkgs"
        ]
      },
      "locked": {
        "lastModified": 1764779851,
        "narHash": "sha256-7WrgeIYBEuFG7DZtS8dio0y9nvRHf3otk7oqsPIoECs=",
        "owner": "BatteredBunny",
        "repo": "brew-nix",
        "rev": "b314426c17667bcebd73ed7e57ecae2bac9755cf",
        "type": "github"
      },
      "original": {
        "owner": "BatteredBunny",
        "repo": "brew-nix",
        "type": "github"
      }
    },
    "cl-nix-lite": {
      "locked": {
        "lastModified": 1763190794,
        "narHash": "sha256-Uhdbf0YbPkBeCBfL1+5ONo/o8sFJd0Gahg6MD0ktwEQ=",
        "owner": "r4v3n6101",
        "repo": "cl-nix-lite",
        "rev": "a781bd2bd0a444e27bdb5d4aabfc0e81422bdc91",
        "type": "github"
      },
      "original": {
        "owner": "r4v3n6101",
        "ref": "url-fix",
        "repo": "cl-nix-lite",
        "type": "github"
      }
    },
    "comin": {
      "inputs": {
        "flake-compat": "flake-compat",
        "nixpkgs": [
          "nixpkgs"
        ]
      },
      "locked": {
        "lastModified": 1765953081,
        "narHash": "sha256-GGDKJ920/Kq3k2CkoOGAHAkP+TcmN9M3rCEKhnb+X7s=",
        "owner": "nlewo",
        "repo": "comin",
        "rev": "8f4e8aa9cd8e6ec7ef3143a05c7235eea0d80a97",
        "type": "github"
      },
      "original": {
        "owner": "nlewo",
        "repo": "comin",
        "type": "github"
      }
    },
    "files": {
      "locked": {
        "lastModified": 1762767848,
        "narHash": "sha256-trF2WXzH57uSkA1zeI8FTz8tU6vPYrklkTjh/7DZy/M=",
        "owner": "mightyiam",
        "repo": "files",
        "rev": "2d9d4937e94006ad8f165dfab9dff87cfab7eb2b",
        "type": "github"
      },
      "original": {
        "owner": "mightyiam",
        "repo": "files",
        "type": "github"
      }
    },
    "firefox-addons": {
      "inputs": {
        "nixpkgs": [
          "nixpkgs"
        ]
      },
      "locked": {
        "dir": "pkgs/firefox-addons",
        "lastModified": 1765944212,
        "narHash": "sha256-t00grDNNFjoUM2MWhBISsChMZJbt0zxYn9SK0ZR+1Ns=",
        "owner": "rycee",
        "repo": "nur-expressions",
        "rev": "353247cb60d73387ce75bf058d65a18517f56a7c",
        "type": "gitlab"
      },
      "original": {
        "dir": "pkgs/firefox-addons",
        "owner": "rycee",
        "repo": "nur-expressions",
        "type": "gitlab"
      }
    },
    "flake-compat": {
      "flake": false,
      "locked": {
        "lastModified": 1765121682,
        "narHash": "sha256-4VBOP18BFeiPkyhy9o4ssBNQEvfvv1kXkasAYd0+rrA=",
        "owner": "NixOS",
        "repo": "flake-compat",
        "rev": "65f23138d8d09a92e30f1e5c87611b23ef451bf3",
        "type": "github"
      },
      "original": {
        "owner": "NixOS",
        "repo": "flake-compat",
        "type": "github"
      }
    },
    "flake-compat_2": {
      "flake": false,
      "locked": {
        "lastModified": 1761588595,
        "narHash": "sha256-XKUZz9zewJNUj46b4AJdiRZJAvSZ0Dqj2BNfXvFlJC4=",
        "owner": "edolstra",
        "repo": "flake-compat",
        "rev": "f387cd2afec9419c8ee37694406ca490c3f34ee5",
        "type": "github"
      },
      "original": {
        "owner": "edolstra",
        "repo": "flake-compat",
        "type": "github"
      }
    },
    "flake-compat_3": {
      "flake": false,
      "locked": {
        "lastModified": 1730663653,
        "narHash": "sha256-kFCUWettiFHDIqxCWWQ9qY8pVh+Lj+XL0Giyy/kdomg=",
        "owner": "hraban",
        "repo": "flake-compat",
        "rev": "e5b16676185cb7548581c852f51ce7f3a49bba5e",
        "type": "github"
      },
      "original": {
        "owner": "hraban",
        "ref": "fixed-output",
        "repo": "flake-compat",
        "type": "github"
      }
    },
    "flake-parts": {
      "inputs": {
        "nixpkgs-lib": "nixpkgs-lib"
      },
      "locked": {
        "lastModified": 1765835352,
        "narHash": "sha256-XswHlK/Qtjasvhd1nOa1e8MgZ8GS//jBoTqWtrS1Giw=",
        "owner": "hercules-ci",
        "repo": "flake-parts",
        "rev": "a34fae9c08a15ad73f295041fec82323541400a9",
        "type": "github"
      },
      "original": {
        "owner": "hercules-ci",
        "repo": "flake-parts",
        "type": "github"
      }
    },
    "flake-parts_2": {
      "inputs": {
        "nixpkgs-lib": [
          "neovim-nightly-overlay",
          "nixpkgs"
        ]
      },
      "locked": {
        "lastModified": 1765835352,
        "narHash": "sha256-XswHlK/Qtjasvhd1nOa1e8MgZ8GS//jBoTqWtrS1Giw=",
        "owner": "hercules-ci",
        "repo": "flake-parts",
        "rev": "a34fae9c08a15ad73f295041fec82323541400a9",
        "type": "github"
      },
      "original": {
        "owner": "hercules-ci",
        "repo": "flake-parts",
        "type": "github"
      }
    },
    "flake-parts_3": {
      "inputs": {
        "nixpkgs-lib": [
          "nixvim",
          "nixpkgs"
        ]
      },
      "locked": {
        "lastModified": 1765835352,
        "narHash": "sha256-XswHlK/Qtjasvhd1nOa1e8MgZ8GS//jBoTqWtrS1Giw=",
        "owner": "hercules-ci",
        "repo": "flake-parts",
        "rev": "a34fae9c08a15ad73f295041fec82323541400a9",
        "type": "github"
      },
      "original": {
        "owner": "hercules-ci",
        "repo": "flake-parts",
        "type": "github"
      }
    },
    "flake-parts_4": {
      "inputs": {
        "nixpkgs-lib": [
          "tmux-nix",
          "nixpkgs"
        ]
      },
      "locked": {
        "lastModified": 1743550720,
        "narHash": "sha256-hIshGgKZCgWh6AYJpJmRgFdR3WUbkY04o82X05xqQiY=",
        "owner": "hercules-ci",
        "repo": "flake-parts",
        "rev": "c621e8422220273271f52058f618c94e405bb0f5",
        "type": "github"
      },
      "original": {
        "owner": "hercules-ci",
        "repo": "flake-parts",
        "type": "github"
      }
    },
    "flake-utils": {
      "inputs": {
        "systems": [
          "mac-app-util",
          "systems"
        ]
      },
      "locked": {
        "lastModified": 1731533236,
        "narHash": "sha256-l0KFg5HjrsfsO/JpG+r7fRrqm12kzFHyUHqHCVpMMbI=",
        "owner": "numtide",
        "repo": "flake-utils",
        "rev": "11707dc2f618dd54ca8739b309ec4fc024de578b",
        "type": "github"
      },
      "original": {
        "id": "flake-utils",
        "type": "indirect"
      }
    },
    "flake-utils_2": {
      "inputs": {
        "systems": "systems_5"
      },
      "locked": {
        "lastModified": 1681202837,
        "narHash": "sha256-H+Rh19JDwRtpVPAWp64F+rlEtxUWBAQW28eAi3SRSzg=",
        "owner": "numtide",
        "repo": "flake-utils",
        "rev": "cfacdce06f30d2b68473a46042957675eebb3401",
        "type": "github"
      },
      "original": {
        "owner": "numtide",
        "repo": "flake-utils",
        "type": "github"
      }
    },
    "git-hooks-nix": {
      "inputs": {
        "flake-compat": "flake-compat_2",
        "gitignore": "gitignore",
        "nixpkgs": [
          "nixpkgs"
        ]
      },
      "locked": {
        "lastModified": 1765911976,
        "narHash": "sha256-t3T/xm8zstHRLx+pIHxVpQTiySbKqcQbK+r+01XVKc0=",
        "owner": "cachix",
        "repo": "git-hooks.nix",
        "rev": "b68b780b69702a090c8bb1b973bab13756cc7a27",
        "type": "github"
      },
      "original": {
        "owner": "cachix",
        "repo": "git-hooks.nix",
        "type": "github"
      }
    },
    "gitignore": {
      "inputs": {
        "nixpkgs": [
          "git-hooks-nix",
          "nixpkgs"
        ]
      },
      "locked": {
        "lastModified": 1709087332,
        "narHash": "sha256-HG2cCnktfHsKV0s4XW83gU3F57gaTljL9KNSuG6bnQs=",
        "owner": "hercules-ci",
        "repo": "gitignore.nix",
        "rev": "637db329424fd7e46cf4185293b9cc8c88c95394",
        "type": "github"
      },
      "original": {
        "owner": "hercules-ci",
        "repo": "gitignore.nix",
        "type": "github"
      }
    },
    "home-manager": {
      "inputs": {
        "nixpkgs": [
          "nixpkgs"
        ]
      },
      "locked": {
        "lastModified": 1765980955,
        "narHash": "sha256-rB45jv4uwC90vM9UZ70plfvY/2Kdygs+zlQ07dGQFk4=",
        "owner": "nix-community",
        "repo": "home-manager",
        "rev": "89c9508bbe9b40d36b3dc206c2483ef176f15173",
        "type": "github"
      },
      "original": {
        "owner": "nix-community",
        "repo": "home-manager",
        "type": "github"
      }
    },
    "home-manager_2": {
      "inputs": {
        "nixpkgs": [
          "tmux-nix",
          "nixpkgs"
        ]
      },
      "locked": {
        "lastModified": 1747688870,
        "narHash": "sha256-ypL9WAZfmJr5V70jEVzqGjjQzF0uCkz+AFQF7n9NmNc=",
        "owner": "nix-community",
        "repo": "home-manager",
        "rev": "d5f1f641b289553927b3801580598d200a501863",
        "type": "github"
      },
      "original": {
        "owner": "nix-community",
        "ref": "release-24.11",
        "repo": "home-manager",
        "type": "github"
      }
    },
    "just-flake": {
      "locked": {
        "lastModified": 1713316411,
        "narHash": "sha256-NkJfU6H+6vgHkPtZ2ESbZ/h2wnsDQrZvB4vbdUIBx8Q=",
        "owner": "juspay",
        "repo": "just-flake",
        "rev": "0e33952a4bcd16cd54ee3aba8111606c237d4526",
        "type": "github"
      },
      "original": {
        "owner": "juspay",
        "repo": "just-flake",
        "type": "github"
      }
    },
    "mac-app-util": {
      "inputs": {
        "cl-nix-lite": "cl-nix-lite",
        "flake-compat": "flake-compat_3",
        "flake-utils": "flake-utils",
        "nixpkgs": "nixpkgs",
        "systems": "systems",
        "treefmt-nix": "treefmt-nix"
      },
      "locked": {
        "lastModified": 1756057867,
        "narHash": "sha256-ziR5eQGqRWhW8tf8r0TIplaqNt+HXu1G1X41LUr4IYo=",
        "owner": "hraban",
        "repo": "mac-app-util",
        "rev": "8414fa1e2cb775b17793104a9095aabeeada63ef",
        "type": "github"
      },
      "original": {
        "owner": "hraban",
        "repo": "mac-app-util",
        "type": "github"
      }
    },
    "mcp-servers-nix": {
      "inputs": {
        "nixpkgs": "nixpkgs_3"
      },
      "locked": {
        "lastModified": 1765971584,
        "narHash": "sha256-hk3RqehAHIj4nd00WfE3fspAeH1T20sIdFqmCee31z8=",
        "owner": "natsukium",
        "repo": "mcp-servers-nix",
        "rev": "24adb12bb85ec3b59be5d999b9a84977f02400f0",
        "type": "github"
      },
      "original": {
        "owner": "natsukium",
        "repo": "mcp-servers-nix",
        "type": "github"
      }
    },
    "neovim-nightly-overlay": {
      "inputs": {
        "flake-parts": "flake-parts_2",
        "neovim-src": "neovim-src",
        "nixpkgs": "nixpkgs_4"
      },
      "locked": {
        "lastModified": 1765929915,
        "narHash": "sha256-KLRbc1VlWcCmKPuRdtQyJ/upfz/KDhk/v5hKX+ZTfoc=",
        "owner": "nix-community",
        "repo": "neovim-nightly-overlay",
        "rev": "e37af4acb335d7b071c16419ebec7d0bcbb456a7",
        "type": "github"
      },
      "original": {
        "owner": "nix-community",
        "repo": "neovim-nightly-overlay",
        "type": "github"
      }
    },
    "neovim-src": {
      "flake": false,
      "locked": {
        "lastModified": 1765926728,
        "narHash": "sha256-5ftuaBXNcc5psnqLbe2fa9HCwgZL+y5gaRuLw+nVtW4=",
        "owner": "neovim",
        "repo": "neovim",
        "rev": "5c22feac06aeb85ef3e17d6780478dd5e9a7c85d",
        "type": "github"
      },
      "original": {
        "owner": "neovim",
        "repo": "neovim",
        "type": "github"
      }
    },
    "nix-darwin": {
      "inputs": {
        "nixpkgs": [
          "nixpkgs"
        ]
      },
      "locked": {
        "lastModified": 1765684049,
        "narHash": "sha256-svCS2r984qEowMT0y3kCrsD/m0J6zaF5I/UusS7QaH0=",
        "owner": "LnL7",
        "repo": "nix-darwin",
        "rev": "9b628e171bfaea1a3d1edf31eee46251e0fe4a33",
        "type": "github"
      },
      "original": {
        "owner": "LnL7",
        "repo": "nix-darwin",
        "type": "github"
      }
    },
    "nixpkgs": {
      "locked": {
        "lastModified": 1732617236,
        "narHash": "sha256-PYkz6U0bSEaEB1al7O1XsqVNeSNS+s3NVclJw7YC43w=",
        "owner": "NixOS",
        "repo": "nixpkgs",
        "rev": "af51545ec9a44eadf3fe3547610a5cdd882bc34e",
        "type": "github"
      },
      "original": {
        "owner": "NixOS",
        "repo": "nixpkgs",
        "rev": "af51545ec9a44eadf3fe3547610a5cdd882bc34e",
        "type": "github"
      }
    },
    "nixpkgs-25_05": {
      "locked": {
        "lastModified": 1765687488,
        "narHash": "sha256-7YAJ6xgBAQ/Nr+7MI13Tui1ULflgAdKh63m1tfYV7+M=",
        "owner": "NixOS",
        "repo": "nixpkgs",
        "rev": "d02bcc33948ca19b0aaa0213fe987ceec1f4ebe1",
        "type": "github"
      },
      "original": {
        "owner": "NixOS",
        "ref": "nixos-25.05",
        "repo": "nixpkgs",
        "type": "github"
      }
    },
    "nixpkgs-lib": {
      "locked": {
        "lastModified": 1765674936,
        "narHash": "sha256-k00uTP4JNfmejrCLJOwdObYC9jHRrr/5M/a/8L2EIdo=",
        "owner": "nix-community",
        "repo": "nixpkgs.lib",
        "rev": "2075416fcb47225d9b68ac469a5c4801a9c4dd85",
        "type": "github"
      },
      "original": {
        "owner": "nix-community",
        "repo": "nixpkgs.lib",
        "type": "github"
      }
    },
    "nixpkgs_2": {
      "locked": {
        "lastModified": 1754340878,
        "narHash": "sha256-lgmUyVQL9tSnvvIvBp7x1euhkkCho7n3TMzgjdvgPoU=",
        "owner": "nixos",
        "repo": "nixpkgs",
        "rev": "cab778239e705082fe97bb4990e0d24c50924c04",
        "type": "github"
      },
      "original": {
        "owner": "nixos",
        "ref": "nixpkgs-unstable",
        "repo": "nixpkgs",
        "type": "github"
      }
    },
    "nixpkgs_3": {
      "locked": {
        "lastModified": 1765457389,
        "narHash": "sha256-ddhDtNYvleZeYF7g7TRFSmuQuZh7HCgqstg5YBGwo5s=",
        "owner": "nixos",
        "repo": "nixpkgs",
        "rev": "f997fa0f94fb1ce55bccb97f60d41412ae8fde4c",
        "type": "github"
      },
      "original": {
        "owner": "nixos",
        "ref": "nixpkgs-unstable",
        "repo": "nixpkgs",
        "type": "github"
      }
    },
    "nixpkgs_4": {
      "locked": {
        "lastModified": 1765803225,
        "narHash": "sha256-xwaZV/UgJ04+ixbZZfoDE8IsOWjtvQZICh9aamzPnrg=",
        "owner": "NixOS",
        "repo": "nixpkgs",
        "rev": "ac9a217389ee622d4e1e727c4efcc9c4bc9089ba",
        "type": "github"
      },
      "original": {
        "owner": "NixOS",
        "ref": "nixpkgs-unstable",
        "repo": "nixpkgs",
        "type": "github"
      }
    },
    "nixpkgs_5": {
      "locked": {
        "lastModified": 1765934234,
        "narHash": "sha256-pJjWUzNnjbIAMIc5gRFUuKCDQ9S1cuh3b2hKgA7Mc4A=",
        "owner": "NixOS",
        "repo": "nixpkgs",
        "rev": "af84f9d270d404c17699522fab95bbf928a2d92f",
        "type": "github"
      },
      "original": {
        "owner": "NixOS",
        "ref": "nixpkgs-unstable",
        "repo": "nixpkgs",
        "type": "github"
      }
    },
    "nixpkgs_6": {
      "locked": {
        "lastModified": 1682134069,
        "narHash": "sha256-TnI/ZXSmRxQDt2sjRYK/8j8iha4B4zP2cnQCZZ3vp7k=",
        "owner": "NixOS",
        "repo": "nixpkgs",
        "rev": "fd901ef4bf93499374c5af385b2943f5801c0833",
        "type": "github"
      },
      "original": {
        "id": "nixpkgs",
        "type": "indirect"
      }
    },
    "nixvim": {
      "inputs": {
        "flake-parts": "flake-parts_3",
        "nixpkgs": [
          "nixpkgs"
        ],
        "systems": "systems_2"
      },
      "locked": {
        "lastModified": 1765961056,
        "narHash": "sha256-RCPRBIqKkwngttpcOhRVMbsCjnKYpc6Q5W7gwp36RN0=",
        "owner": "nix-community",
        "repo": "nixvim",
        "rev": "51bbde565a7538bb4e75defee13b3e951fb0ba81",
        "type": "github"
      },
      "original": {
        "owner": "nix-community",
        "repo": "nixvim",
        "type": "github"
      }
    },
    "nur-packages": {
      "inputs": {
        "nixpkgs": [
          "nixpkgs"
        ]
      },
      "locked": {
        "lastModified": 1764234168,
        "narHash": "sha256-m7mS/g3EEhVvddcGeh6ygHukuyOcj71OgxkCOTvLr+k=",
        "owner": "momeemt",
        "repo": "nur-packages",
        "rev": "3cee6a746719addc4064fac175305ebc68b0f2ff",
        "type": "github"
      },
      "original": {
        "owner": "momeemt",
        "repo": "nur-packages",
        "type": "github"
      }
    },
    "root": {
      "inputs": {
        "NixVirt": "NixVirt",
        "brew-api": "brew-api",
        "brew-nix": "brew-nix",
        "comin": "comin",
        "files": "files",
        "firefox-addons": "firefox-addons",
        "flake-parts": "flake-parts",
        "git-hooks-nix": "git-hooks-nix",
        "home-manager": "home-manager",
        "just-flake": "just-flake",
        "mac-app-util": "mac-app-util",
        "mcp-servers-nix": "mcp-servers-nix",
        "neovim-nightly-overlay": "neovim-nightly-overlay",
        "nix-darwin": "nix-darwin",
        "nixpkgs": "nixpkgs_5",
        "nixpkgs-25_05": "nixpkgs-25_05",
        "nixvim": "nixvim",
        "nur-packages": "nur-packages",
        "sops-nix": "sops-nix",
        "systems": "systems_3",
        "tmux-nix": "tmux-nix",
        "treefmt-nix": "treefmt-nix_3",
        "vscode-server": "vscode-server"
      }
    },
    "sops-nix": {
      "inputs": {
        "nixpkgs": [
          "nixpkgs"
        ]
      },
      "locked": {
        "lastModified": 1765836173,
        "narHash": "sha256-hWRYfdH2ONI7HXbqZqW8Q1y9IRbnXWvtvt/ONZovSNY=",
        "owner": "Mic92",
        "repo": "sops-nix",
        "rev": "443a7f2e7e118c4fc63b7fae05ab3080dd0e5c63",
        "type": "github"
      },
      "original": {
        "owner": "Mic92",
        "repo": "sops-nix",
        "type": "github"
      }
    },
    "systems": {
      "locked": {
        "lastModified": 1689347925,
        "narHash": "sha256-ozenz5bFe1UUqOn7f60HRmgc01BgTGIKZ4Xl+HbocGQ=",
        "owner": "nix-systems",
        "repo": "default-darwin",
        "rev": "2235d7e6cc29ae99878133c95e9fe5e157661ffb",
        "type": "github"
      },
      "original": {
        "owner": "nix-systems",
        "repo": "default-darwin",
        "type": "github"
      }
    },
    "systems_2": {
      "locked": {
        "lastModified": 1681028828,
        "narHash": "sha256-Vy1rq5AaRuLzOxct8nz4T6wlgyUR7zLU309k9mBC768=",
        "owner": "nix-systems",
        "repo": "default",
        "rev": "da67096a3b9bf56a91d16901293e51ba5b49a27e",
        "type": "github"
      },
      "original": {
        "owner": "nix-systems",
        "repo": "default",
        "type": "github"
      }
    },
    "systems_3": {
      "locked": {
        "lastModified": 1681028828,
        "narHash": "sha256-Vy1rq5AaRuLzOxct8nz4T6wlgyUR7zLU309k9mBC768=",
        "owner": "nix-systems",
        "repo": "default",
        "rev": "da67096a3b9bf56a91d16901293e51ba5b49a27e",
        "type": "github"
      },
      "original": {
        "owner": "nix-systems",
        "repo": "default",
        "type": "github"
      }
    },
    "systems_4": {
      "locked": {
        "lastModified": 1681028828,
        "narHash": "sha256-Vy1rq5AaRuLzOxct8nz4T6wlgyUR7zLU309k9mBC768=",
        "owner": "nix-systems",
        "repo": "default",
        "rev": "da67096a3b9bf56a91d16901293e51ba5b49a27e",
        "type": "github"
      },
      "original": {
        "owner": "nix-systems",
        "repo": "default",
        "type": "github"
      }
    },
    "systems_5": {
      "locked": {
        "lastModified": 1681028828,
        "narHash": "sha256-Vy1rq5AaRuLzOxct8nz4T6wlgyUR7zLU309k9mBC768=",
        "owner": "nix-systems",
        "repo": "default",
        "rev": "da67096a3b9bf56a91d16901293e51ba5b49a27e",
        "type": "github"
      },
      "original": {
        "owner": "nix-systems",
        "repo": "default",
        "type": "github"
      }
    },
    "tmux-nix": {
      "inputs": {
        "flake-parts": "flake-parts_4",
        "home-manager": "home-manager_2",
        "nixpkgs": [
          "nixpkgs"
        ],
        "systems": "systems_4",
        "treefmt-nix": "treefmt-nix_2"
      },
      "locked": {
        "lastModified": 1748068312,
        "narHash": "sha256-ykr6HLDO8EohNEQLYn2Gt1pc5Fxu4ZWkyG686xIpu3M=",
        "owner": "momeemt",
        "repo": "tmux-nix",
        "rev": "d6136686b1975e0be79c343b0b3ff58e099a606c",
        "type": "github"
      },
      "original": {
        "owner": "momeemt",
        "repo": "tmux-nix",
        "type": "github"
      }
    },
    "treefmt-nix": {
      "inputs": {
        "nixpkgs": "nixpkgs_2"
      },
      "locked": {
        "lastModified": 1755934250,
        "narHash": "sha256-CsDojnMgYsfshQw3t4zjRUkmMmUdZGthl16bXVWgRYU=",
        "owner": "numtide",
        "repo": "treefmt-nix",
        "rev": "74e1a52d5bd9430312f8d1b8b0354c92c17453e5",
        "type": "github"
      },
      "original": {
        "owner": "numtide",
        "repo": "treefmt-nix",
        "type": "github"
      }
    },
    "treefmt-nix_2": {
      "inputs": {
        "nixpkgs": [
          "tmux-nix",
          "nixpkgs"
        ]
      },
      "locked": {
        "lastModified": 1746989248,
        "narHash": "sha256-uoQ21EWsAhyskNo8QxrTVZGjG/dV4x5NM1oSgrmNDJY=",
        "owner": "numtide",
        "repo": "treefmt-nix",
        "rev": "708ec80ca82e2bbafa93402ccb66a35ff87900c5",
        "type": "github"
      },
      "original": {
        "owner": "numtide",
        "repo": "treefmt-nix",
        "type": "github"
      }
    },
    "treefmt-nix_3": {
      "inputs": {
        "nixpkgs": [
          "nixpkgs"
        ]
      },
      "locked": {
        "lastModified": 1765982577,
        "narHash": "sha256-qYUjljxINfhuEFipGYNDpBbsbAXxd8bW5KLQeKe2U+w=",
        "owner": "numtide",
        "repo": "treefmt-nix",
        "rev": "1b9b6f9c5ae66f0e20cf38a55591ef3548a7cb6e",
        "type": "github"
      },
      "original": {
        "owner": "numtide",
        "repo": "treefmt-nix",
        "type": "github"
      }
    },
    "vscode-server": {
      "inputs": {
        "flake-utils": "flake-utils_2",
        "nixpkgs": "nixpkgs_6"
      },
      "locked": {
        "lastModified": 1753541826,
        "narHash": "sha256-foGgZu8+bCNIGeuDqQ84jNbmKZpd+JvnrL2WlyU4tuU=",
        "owner": "nix-community",
        "repo": "nixos-vscode-server",
        "rev": "6d5f074e4811d143d44169ba4af09b20ddb6937d",
        "type": "github"
      },
      "original": {
        "owner": "nix-community",
        "repo": "nixos-vscode-server",
        "type": "github"
      }
    }
  },
  "root": "root",
  "version": 7
}
