---
name: "Update Nix dependencies"
on:
  workflow_dispatch:
  schedule:
    - cron: '0 15 * * *'
jobs:
  nix-flake-update:
    permissions:
      contents: write
      id-token: write
      issues: write
      pull-requests: write
    runs-on: ubuntu-24.04
    steps:
      - uses: actions/checkout@8e8c483db84b4bee98b60c0593521ed34d9990e8 # v6.0.1
        with:
          persist-credentials: false
      - uses: cachix/install-nix-action@a49548c11d9846ad46ecc0115273879b045f001c # v31.10.7
      - name: Setup Attic cache
        if: >-
          github.event_name != 'pull_request' || github.event.pull_request.head.repo.full_name == github.repository
        uses: ryanccn/attic-action@5635a15ef0c5462194ffbd05d1daeddc74625c3a # v0.5.0
        with:
          endpoint: ${{ secrets.ATTIC_ENDPOINT }}
          cache: ${{ secrets.ATTIC_CACHE }}
          token: ${{ secrets.ATTIC_TOKEN }}
      - uses: DeterminateSystems/update-flake-lock@834c491b2ece4de0bbd00d85214bb5e83b4da5c6 # v28
        with:
          pr-title: "Update Nix flake inputs"
          pr-labels: |-
            dependencies
